
Microsoft Visual Studio Solution File, Format Version 12.00
# Visual Studio 15
VisualStudioVersion = 15.0.28307.329
MinimumVisualStudioVersion = 10.0.40219.1
Project("{FAE04EC0-301F-11D3-BF4B-00C04F79EFBC}") = "MyFirstApp", "MyFirstApp\MyFirstApp.csproj", "{67373C3D-1D51-44B2-A8FE-EA52ED31790D}"
EndProject
Global
	GlobalSection(SolutionConfigurationPlatforms) = preSolution
		Debug|Any CPU = Debug|Any CPU
		Release|Any CPU = Release|Any CPU
	EndGlobalSection
	GlobalSection(ProjectConfigurationPlatforms) = postSolution
		{67373C3D-1D51-44B2-A8FE-EA52ED31790D}.Debug|Any CPU.ActiveCfg = Debug|Any CPU
		{67373C3D-1D51-44B2-A8FE-EA52ED31790D}.Debug|Any CPU.Build.0 = Debug|Any CPU
		{67373C3D-1D51-44B2-A8FE-EA52ED31790D}.Release|Any CPU.ActiveCfg = Release|Any CPU
		{67373C3D-1D51-44B2-A8FE-EA52ED31790D}.Release|Any CPU.Build.0 = Release|Any CPU
	EndGlobalSection
	GlobalSection(SolutionProperties) = preSolution
		HideSolutionNode = FALSE
	EndGlobalSection
	GlobalSection(ExtensibilityGlobals) = postSolution
		SolutionGuid = {48B8A436-5098-4908-BE35-6466FA123AE2}
	EndGlobalSection
EndGlobal
