
Microsoft Visual Studio Solution File, Format Version 12.00
# Visual Studio 14
VisualStudioVersion = 14.0.25420.1
MinimumVisualStudioVersion = 10.0.40219.1
Project("{FAE04EC0-301F-11D3-BF4B-00C04F79EFBC}") = "Exercise9", "Exercise9\Exercise9.csproj", "{C81985B4-8D1D-4CC2-BE1D-2B394AA4640E}"
EndProject
Global
	GlobalSection(SolutionConfigurationPlatforms) = preSolution
		Debug|Any CPU = Debug|Any CPU
		Release|Any CPU = Release|Any CPU
	EndGlobalSection
	GlobalSection(ProjectConfigurationPlatforms) = postSolution
		{C81985B4-8D1D-4CC2-BE1D-2B394AA4640E}.Debug|Any CPU.ActiveCfg = Debug|Any CPU
		{C81985B4-8D1D-4CC2-BE1D-2B394AA4640E}.Debug|Any CPU.Build.0 = Debug|Any CPU
		{C81985B4-8D1D-4CC2-BE1D-2B394AA4640E}.Release|Any CPU.ActiveCfg = Release|Any CPU
		{C81985B4-8D1D-4CC2-BE1D-2B394AA4640E}.Release|Any CPU.Build.0 = Release|Any CPU
	EndGlobalSection
	GlobalSection(SolutionProperties) = preSolution
		HideSolutionNode = FALSE
	EndGlobalSection
EndGlobal
